
Microsoft Visual Studio Solution File, Format Version 12.00
# Visual Studio Version 17
VisualStudioVersion = 17.8.34309.116
MinimumVisualStudioVersion = 10.0.40219.1
Project("{FAE04EC0-301F-11D3-BF4B-00C04F79EFBC}") = "Sql-Uppgifter_P1", "Sql-Uppgifter_P1.csproj", "{37699DEE-093B-4F6F-8EDB-8BBD08267EF9}"
EndProject
Global
	GlobalSection(SolutionConfigurationPlatforms) = preSolution
		Debug|Any CPU = Debug|Any CPU
		Release|Any CPU = Release|Any CPU
	EndGlobalSection
	GlobalSection(ProjectConfigurationPlatforms) = postSolution
		{37699DEE-093B-4F6F-8EDB-8BBD08267EF9}.Debug|Any CPU.ActiveCfg = Debug|Any CPU
		{37699DEE-093B-4F6F-8EDB-8BBD08267EF9}.Debug|Any CPU.Build.0 = Debug|Any CPU
		{37699DEE-093B-4F6F-8EDB-8BBD08267EF9}.Release|Any CPU.ActiveCfg = Release|Any CPU
		{37699DEE-093B-4F6F-8EDB-8BBD08267EF9}.Release|Any CPU.Build.0 = Release|Any CPU
	EndGlobalSection
	GlobalSection(SolutionProperties) = preSolution
		HideSolutionNode = FALSE
	EndGlobalSection
	GlobalSection(ExtensibilityGlobals) = postSolution
		SolutionGuid = {0867FB4A-C807-4508-9616-E4EA32CDB8BD}
	EndGlobalSection
EndGlobal
